{
  "dependencies": {
    "connect": {
      "version": "2.7.10",
      "dependencies": {
        "qs": {
          "version": "0.6.5"
        },
        "formidable": {
          "version": "1.0.14"
        },
        "cookie-signature": {
          "version": "1.0.1"
        },
        "buffer-crc32": {
          "version": "0.2.1"
        },
        "cookie": {
          "version": "0.0.5"
        },
        "send": {
          "version": "0.1.0",
          "dependencies": {
            "mime": {
              "version": "1.2.6"
            },
            "range-parser": {
              "version": "0.0.4"
            }
          }
        },
        "bytes": {
          "version": "0.2.0"
        },
        "fresh": {
          "version": "0.1.0"
        },
        "pause": {
          "version": "0.0.1"
        },
        "debug": {
          "version": "2.0.0",
          "dependencies": {
            "ms": {
              "version": "0.6.2"
            }
          }
        }
      }
    },
    "mongodb-uri": {
      "version": "0.9.7"
    },
    "tar.gz": {
      "version": "0.1.1",
      "dependencies": {
        "fstream": {
          "version": "0.1.31",
          "dependencies": {
            "graceful-fs": {
              "version": "3.0.2"
            },
            "inherits": {
              "version": "2.0.1"
            },
            "mkdirp": {
              "version": "0.5.0",
              "dependencies": {
                "minimist": {
                  "version": "0.0.8"
                }
              }
            },
            "rimraf": {
              "version": "2.2.8"
            }
          }
        },
        "tar": {
          "version": "0.1.20",
          "dependencies": {
            "block-stream": {
              "version": "0.0.7"
            },
            "inherits": {
              "version": "2.0.1"
            }
          }
        },
        "commander": {
          "version": "1.1.1",
          "dependencies": {
            "keypress": {
              "version": "0.1.0"
            }
          }
        }
      }
    },
    "temp": {
      "version": "0.8.1",
      "dependencies": {
        "rimraf": {
          "version": "2.2.8"
        }
      }
    }
  }
}
